{
  "name": "app",
  "lockfileVersion": 3,
  "requires": true,
  "packages": {
    "": {
      "devDependencies": {
        "@types/webpack-env": "^1.18.8"
      }
    },
    "node_modules/@types/webpack-env": {
      "version": "1.18.8",
      "resolved": "https://registry.npmjs.org/@types/webpack-env/-/webpack-env-1.18.8.tgz",
      "integrity": "sha512-G9eAoJRMLjcvN4I08wB5I7YofOb/kaJNd5uoCMX+LbKXTPCF+ZIHuqTnFaK9Jz1rgs035f9JUPUhNFtqgucy/A==",
      "dev": true,
      "license": "MIT"
    }
  }
}
